
Microsoft Visual Studio Solution File, Format Version 12.00
# Visual Studio Version 16
VisualStudioVersion = 16.0.29102.190
MinimumVisualStudioVersion = 10.0.40219.1
Project("{FAE04EC0-301F-11D3-BF4B-00C04F79EFBC}") = "ATP", "ATP\ATP.csproj", "{31629C8C-1662-4CA5-A2C6-4822A128647A}"
EndProject
Global
	GlobalSection(SolutionConfigurationPlatforms) = preSolution
		Debug|Any CPU = Debug|Any CPU
		Debug|x64 = Debug|x64
		Release|Any CPU = Release|Any CPU
		Release|x64 = Release|x64
		Test|Any CPU = Test|Any CPU
		Test|x64 = Test|x64
	EndGlobalSection
	GlobalSection(ProjectConfigurationPlatforms) = postSolution
		{31629C8C-1662-4CA5-A2C6-4822A128647A}.Debug|Any CPU.ActiveCfg = Debug|x64
		{31629C8C-1662-4CA5-A2C6-4822A128647A}.Debug|Any CPU.Build.0 = Debug|x64
		{31629C8C-1662-4CA5-A2C6-4822A128647A}.Debug|x64.ActiveCfg = Debug|x64
		{31629C8C-1662-4CA5-A2C6-4822A128647A}.Debug|x64.Build.0 = Debug|x64
		{31629C8C-1662-4CA5-A2C6-4822A128647A}.Release|Any CPU.ActiveCfg = Release|Any CPU
		{31629C8C-1662-4CA5-A2C6-4822A128647A}.Release|Any CPU.Build.0 = Release|Any CPU
		{31629C8C-1662-4CA5-A2C6-4822A128647A}.Release|x64.ActiveCfg = Release|x64
		{31629C8C-1662-4CA5-A2C6-4822A128647A}.Release|x64.Build.0 = Release|x64
		{31629C8C-1662-4CA5-A2C6-4822A128647A}.Test|Any CPU.ActiveCfg = Test|Any CPU
		{31629C8C-1662-4CA5-A2C6-4822A128647A}.Test|Any CPU.Build.0 = Test|Any CPU
		{31629C8C-1662-4CA5-A2C6-4822A128647A}.Test|x64.ActiveCfg = Test|x64
		{31629C8C-1662-4CA5-A2C6-4822A128647A}.Test|x64.Build.0 = Test|x64
	EndGlobalSection
	GlobalSection(SolutionProperties) = preSolution
		HideSolutionNode = FALSE
	EndGlobalSection
	GlobalSection(ExtensibilityGlobals) = postSolution
		SolutionGuid = {059AF51F-38D7-4148-BD98-BB6BC5AA7890}
	EndGlobalSection
EndGlobal
