
Microsoft Visual Studio Solution File, Format Version 12.00
# Visual Studio Version 16
VisualStudioVersion = 16.0.29230.47
MinimumVisualStudioVersion = 10.0.40219.1
Project("{FAE04EC0-301F-11D3-BF4B-00C04F79EFBC}") = "HTTPWebRequest", "HTTPWebRequest.csproj", "{2DA7F550-EB5F-4FA8-A665-44BFA5833F77}"
EndProject
Global
	GlobalSection(SolutionConfigurationPlatforms) = preSolution
		Debug|Any CPU = Debug|Any CPU
		Release|Any CPU = Release|Any CPU
	EndGlobalSection
	GlobalSection(ProjectConfigurationPlatforms) = postSolution
		{2DA7F550-EB5F-4FA8-A665-44BFA5833F77}.Debug|Any CPU.ActiveCfg = Debug|Any CPU
		{2DA7F550-EB5F-4FA8-A665-44BFA5833F77}.Debug|Any CPU.Build.0 = Debug|Any CPU
		{2DA7F550-EB5F-4FA8-A665-44BFA5833F77}.Release|Any CPU.ActiveCfg = Release|Any CPU
		{2DA7F550-EB5F-4FA8-A665-44BFA5833F77}.Release|Any CPU.Build.0 = Release|Any CPU
	EndGlobalSection
	GlobalSection(SolutionProperties) = preSolution
		HideSolutionNode = FALSE
	EndGlobalSection
	GlobalSection(ExtensibilityGlobals) = postSolution
		SolutionGuid = {EC3D045D-5879-4DF2-A678-F4C619F7C46B}
	EndGlobalSection
EndGlobal
